{
    "version": 3,
    "terraform_version": "0.11.8",
    "serial": 9,
    "lineage": "15e97f6e-10c7-6614-3f5d-7c986fffcfc6",
    "modules": [
        {
            "path": [
                "root"
            ],
            "outputs": {
                "public_ip": {
                    "sensitive": false,
                    "type": "string",
                    "value": "172.31.44.76"
                },
                "security_group": {
                    "sensitive": false,
                    "type": "string",
                    "value": "sg-0ca97a9bd60d72063"
                }
            },
            "resources": {
                "aws_instance.testing_tr": {
                    "type": "aws_instance",
                    "depends_on": [
                        "aws_security_group.instance"
                    ],
                    "primary": {
                        "id": "i-0e46d1743f00ceb3a",
                        "attributes": {
                            "ami": "ami-068ab34816099a0a9",
                            "arn": "arn:aws:ec2:us-east-1:036281964011:instance/i-0e46d1743f00ceb3a",
                            "associate_public_ip_address": "true",
                            "availability_zone": "us-east-1d",
                            "cpu_core_count": "1",
                            "cpu_threads_per_core": "1",
                            "credit_specification.#": "1",
                            "credit_specification.0.cpu_credits": "standard",
                            "disable_api_termination": "false",
                            "ebs_block_device.#": "0",
                            "ebs_optimized": "false",
                            "ephemeral_block_device.#": "0",
                            "get_password_data": "false",
                            "iam_instance_profile": "",
                            "id": "i-0e46d1743f00ceb3a",
                            "instance_state": "running",
                            "instance_type": "t2.micro",
                            "ipv6_addresses.#": "0",
                            "key_name": "",
                            "monitoring": "false",
                            "network_interface.#": "0",
                            "network_interface_id": "eni-0cacd01191cf84b31",
                            "password_data": "",
                            "placement_group": "",
                            "primary_network_interface_id": "eni-0cacd01191cf84b31",
                            "private_dns": "ip-172-31-44-76.ec2.internal",
                            "private_ip": "172.31.44.76",
                            "public_dns": "ec2-54-173-92-118.compute-1.amazonaws.com",
                            "public_ip": "54.173.92.118",
                            "root_block_device.#": "1",
                            "root_block_device.0.delete_on_termination": "true",
                            "root_block_device.0.iops": "100",
                            "root_block_device.0.volume_id": "vol-0e877678f519dd2e6",
                            "root_block_device.0.volume_size": "8",
                            "root_block_device.0.volume_type": "gp2",
                            "security_groups.#": "1",
                            "security_groups.2987078651": "terraform_example_instance",
                            "source_dest_check": "true",
                            "subnet_id": "subnet-a3cc4dff",
                            "tags.%": "1",
                            "tags.Name": "terraform_example",
                            "tenancy": "default",
                            "volume_tags.%": "0",
                            "vpc_security_group_ids.#": "1",
                            "vpc_security_group_ids.1522013465": "sg-0ca97a9bd60d72063"
                        },
                        "meta": {
                            "e2bfb730-ecaa-11e6-8f88-34363bc7c4c0": {
                                "create": 600000000000,
                                "delete": 1200000000000,
                                "update": 600000000000
                            },
                            "schema_version": "1"
                        },
                        "tainted": false
                    },
                    "deposed": [],
                    "provider": "provider.aws"
                },
                "aws_security_group.instance": {
                    "type": "aws_security_group",
                    "depends_on": [],
                    "primary": {
                        "id": "sg-0ca97a9bd60d72063",
                        "attributes": {
                            "arn": "arn:aws:ec2:us-east-1:036281964011:security-group/sg-0ca97a9bd60d72063",
                            "description": "Managed by Terraform",
                            "egress.#": "0",
                            "id": "sg-0ca97a9bd60d72063",
                            "ingress.#": "1",
                            "ingress.516175195.cidr_blocks.#": "1",
                            "ingress.516175195.cidr_blocks.0": "0.0.0.0/0",
                            "ingress.516175195.description": "",
                            "ingress.516175195.from_port": "8080",
                            "ingress.516175195.ipv6_cidr_blocks.#": "0",
                            "ingress.516175195.prefix_list_ids.#": "0",
                            "ingress.516175195.protocol": "tcp",
                            "ingress.516175195.security_groups.#": "0",
                            "ingress.516175195.self": "false",
                            "ingress.516175195.to_port": "8080",
                            "name": "terraform_example_instance",
                            "owner_id": "036281964011",
                            "revoke_rules_on_delete": "false",
                            "tags.%": "1",
                            "tags.Name": "example_secruty_group",
                            "vpc_id": "vpc-a13feedb"
                        },
                        "meta": {
                            "e2bfb730-ecaa-11e6-8f88-34363bc7c4c0": {
                                "create": 600000000000,
                                "delete": 600000000000
                            },
                            "schema_version": "1"
                        },
                        "tainted": false
                    },
                    "deposed": [],
                    "provider": "provider.aws"
                }
            },
            "depends_on": []
        }
    ]
}
